
Microsoft Visual Studio Solution File, Format Version 12.00
# Visual Studio 15
VisualStudioVersion = 15.0.27703.2026
MinimumVisualStudioVersion = 10.0.40219.1
Project("{FAE04EC0-301F-11D3-BF4B-00C04F79EFBC}") = "Colecciones", "Colecciones\Colecciones.csproj", "{670D61B5-A6D9-4831-92CD-EDBC8F8AFE68}"
EndProject
Global
	GlobalSection(SolutionConfigurationPlatforms) = preSolution
		Debug|Any CPU = Debug|Any CPU
		Release|Any CPU = Release|Any CPU
	EndGlobalSection
	GlobalSection(ProjectConfigurationPlatforms) = postSolution
		{670D61B5-A6D9-4831-92CD-EDBC8F8AFE68}.Debug|Any CPU.ActiveCfg = Debug|Any CPU
		{670D61B5-A6D9-4831-92CD-EDBC8F8AFE68}.Debug|Any CPU.Build.0 = Debug|Any CPU
		{670D61B5-A6D9-4831-92CD-EDBC8F8AFE68}.Release|Any CPU.ActiveCfg = Release|Any CPU
		{670D61B5-A6D9-4831-92CD-EDBC8F8AFE68}.Release|Any CPU.Build.0 = Release|Any CPU
	EndGlobalSection
	GlobalSection(SolutionProperties) = preSolution
		HideSolutionNode = FALSE
	EndGlobalSection
	GlobalSection(ExtensibilityGlobals) = postSolution
		SolutionGuid = {24EA4AB3-881B-4CD8-8793-44935E0C4C5C}
	EndGlobalSection
EndGlobal
